PODS:
  - Objective-LevelDB (2.1.0):
    - Objective-LevelDB/leveldb
    - Objective-LevelDB/leveldb
  - Objective-LevelDB/leveldb (2.1.0):
    - Objective-LevelDB/leveldb

DEPENDENCIES:
  - Objective-LevelDB

SPEC CHECKSUMS:
  Objective-LevelDB: 19fc204589601881402fd0f985f45e20ca92e60b

COCOAPODS: 0.33.1
